
Microsoft Visual Studio Solution File, Format Version 12.00
# Visual Studio Version 16
VisualStudioVersion = 16.0.29326.143
MinimumVisualStudioVersion = 10.0.40219.1
Project("{9A19103F-16F7-4668-BE54-9A1E7A4F7556}") = "PolymorphismPractice", "PolymorphismPractice\PolymorphismPractice.csproj", "{DF7B8189-9447-4605-BF87-051ACDA56D36}"
EndProject
Project("{9A19103F-16F7-4668-BE54-9A1E7A4F7556}") = "Arrays", "Arrays\Arrays.csproj", "{010EC0E3-6B58-4591-8E31-7054DFDCCE36}"
EndProject
Project("{9A19103F-16F7-4668-BE54-9A1E7A4F7556}") = "Dictionary_Examples", "Dictionary_Examples\Dictionary_Examples.csproj", "{8643E9BA-203C-4901-AFC0-06D85F40C482}"
EndProject
Project("{9A19103F-16F7-4668-BE54-9A1E7A4F7556}") = "Stack_Examples", "Stack_Examples\Stack_Examples.csproj", "{FA4A1BF9-6F3E-4793-AC5E-144AE599C25B}"
EndProject
Project("{FAE04EC0-301F-11D3-BF4B-00C04F79EFBC}") = "Queue_Examples", "Queue_Examples\Queue_Examples.csproj", "{5DD2CC2E-E322-4F58-8E37-C3E6F1855405}"
EndProject
Global
	GlobalSection(SolutionConfigurationPlatforms) = preSolution
		Debug|Any CPU = Debug|Any CPU
		Release|Any CPU = Release|Any CPU
	EndGlobalSection
	GlobalSection(ProjectConfigurationPlatforms) = postSolution
		{DF7B8189-9447-4605-BF87-051ACDA56D36}.Debug|Any CPU.ActiveCfg = Debug|Any CPU
		{DF7B8189-9447-4605-BF87-051ACDA56D36}.Debug|Any CPU.Build.0 = Debug|Any CPU
		{DF7B8189-9447-4605-BF87-051ACDA56D36}.Release|Any CPU.ActiveCfg = Release|Any CPU
		{DF7B8189-9447-4605-BF87-051ACDA56D36}.Release|Any CPU.Build.0 = Release|Any CPU
		{010EC0E3-6B58-4591-8E31-7054DFDCCE36}.Debug|Any CPU.ActiveCfg = Debug|Any CPU
		{010EC0E3-6B58-4591-8E31-7054DFDCCE36}.Debug|Any CPU.Build.0 = Debug|Any CPU
		{010EC0E3-6B58-4591-8E31-7054DFDCCE36}.Release|Any CPU.ActiveCfg = Release|Any CPU
		{010EC0E3-6B58-4591-8E31-7054DFDCCE36}.Release|Any CPU.Build.0 = Release|Any CPU
		{8643E9BA-203C-4901-AFC0-06D85F40C482}.Debug|Any CPU.ActiveCfg = Debug|Any CPU
		{8643E9BA-203C-4901-AFC0-06D85F40C482}.Debug|Any CPU.Build.0 = Debug|Any CPU
		{8643E9BA-203C-4901-AFC0-06D85F40C482}.Release|Any CPU.ActiveCfg = Release|Any CPU
		{8643E9BA-203C-4901-AFC0-06D85F40C482}.Release|Any CPU.Build.0 = Release|Any CPU
		{FA4A1BF9-6F3E-4793-AC5E-144AE599C25B}.Debug|Any CPU.ActiveCfg = Debug|Any CPU
		{FA4A1BF9-6F3E-4793-AC5E-144AE599C25B}.Debug|Any CPU.Build.0 = Debug|Any CPU
		{FA4A1BF9-6F3E-4793-AC5E-144AE599C25B}.Release|Any CPU.ActiveCfg = Release|Any CPU
		{FA4A1BF9-6F3E-4793-AC5E-144AE599C25B}.Release|Any CPU.Build.0 = Release|Any CPU
		{5DD2CC2E-E322-4F58-8E37-C3E6F1855405}.Debug|Any CPU.ActiveCfg = Debug|Any CPU
		{5DD2CC2E-E322-4F58-8E37-C3E6F1855405}.Debug|Any CPU.Build.0 = Debug|Any CPU
		{5DD2CC2E-E322-4F58-8E37-C3E6F1855405}.Release|Any CPU.ActiveCfg = Release|Any CPU
		{5DD2CC2E-E322-4F58-8E37-C3E6F1855405}.Release|Any CPU.Build.0 = Release|Any CPU
	EndGlobalSection
	GlobalSection(SolutionProperties) = preSolution
		HideSolutionNode = FALSE
	EndGlobalSection
	GlobalSection(ExtensibilityGlobals) = postSolution
		SolutionGuid = {20E19587-A06F-4C05-A89D-8F746486A0B2}
	EndGlobalSection
EndGlobal
